
Microsoft Visual Studio Solution File, Format Version 12.00
# Visual Studio Version 17
VisualStudioVersion = 17.0.31903.59
MinimumVisualStudioVersion = 10.0.40219.1
Project("{FAE04EC0-301F-11D3-BF4B-00C04F79EFBC}") = "Erao.Core", "Erao.Core\Erao.Core.csproj", "{804BF925-1DA9-43C7-AC19-A9D062B9F256}"
EndProject
Project("{FAE04EC0-301F-11D3-BF4B-00C04F79EFBC}") = "Erao.Infrastructure", "Erao.Infrastructure\Erao.Infrastructure.csproj", "{9DC759C6-BD9E-413A-8278-6BD50BA3072E}"
EndProject
Project("{FAE04EC0-301F-11D3-BF4B-00C04F79EFBC}") = "Erao.Application", "Erao.Application\Erao.Application.csproj", "{AE2E9EB9-1DF0-43EB-A79E-F1AA38B96053}"
EndProject
Project("{FAE04EC0-301F-11D3-BF4B-00C04F79EFBC}") = "Erao.API", "Erao.API\Erao.API.csproj", "{953354B5-F69F-4F51-81BC-5316928A411E}"
EndProject
Global
	GlobalSection(SolutionConfigurationPlatforms) = preSolution
		Debug|Any CPU = Debug|Any CPU
		Debug|x64 = Debug|x64
		Debug|x86 = Debug|x86
		Release|Any CPU = Release|Any CPU
		Release|x64 = Release|x64
		Release|x86 = Release|x86
	EndGlobalSection
	GlobalSection(ProjectConfigurationPlatforms) = postSolution
		{804BF925-1DA9-43C7-AC19-A9D062B9F256}.Debug|Any CPU.ActiveCfg = Debug|Any CPU
		{804BF925-1DA9-43C7-AC19-A9D062B9F256}.Debug|Any CPU.Build.0 = Debug|Any CPU
		{804BF925-1DA9-43C7-AC19-A9D062B9F256}.Debug|x64.ActiveCfg = Debug|Any CPU
		{804BF925-1DA9-43C7-AC19-A9D062B9F256}.Debug|x64.Build.0 = Debug|Any CPU
		{804BF925-1DA9-43C7-AC19-A9D062B9F256}.Debug|x86.ActiveCfg = Debug|Any CPU
		{804BF925-1DA9-43C7-AC19-A9D062B9F256}.Debug|x86.Build.0 = Debug|Any CPU
		{804BF925-1DA9-43C7-AC19-A9D062B9F256}.Release|Any CPU.ActiveCfg = Release|Any CPU
		{804BF925-1DA9-43C7-AC19-A9D062B9F256}.Release|Any CPU.Build.0 = Release|Any CPU
		{804BF925-1DA9-43C7-AC19-A9D062B9F256}.Release|x64.ActiveCfg = Release|Any CPU
		{804BF925-1DA9-43C7-AC19-A9D062B9F256}.Release|x64.Build.0 = Release|Any CPU
		{804BF925-1DA9-43C7-AC19-A9D062B9F256}.Release|x86.ActiveCfg = Release|Any CPU
		{804BF925-1DA9-43C7-AC19-A9D062B9F256}.Release|x86.Build.0 = Release|Any CPU
		{9DC759C6-BD9E-413A-8278-6BD50BA3072E}.Debug|Any CPU.ActiveCfg = Debug|Any CPU
		{9DC759C6-BD9E-413A-8278-6BD50BA3072E}.Debug|Any CPU.Build.0 = Debug|Any CPU
		{9DC759C6-BD9E-413A-8278-6BD50BA3072E}.Debug|x64.ActiveCfg = Debug|Any CPU
		{9DC759C6-BD9E-413A-8278-6BD50BA3072E}.Debug|x64.Build.0 = Debug|Any CPU
		{9DC759C6-BD9E-413A-8278-6BD50BA3072E}.Debug|x86.ActiveCfg = Debug|Any CPU
		{9DC759C6-BD9E-413A-8278-6BD50BA3072E}.Debug|x86.Build.0 = Debug|Any CPU
		{9DC759C6-BD9E-413A-8278-6BD50BA3072E}.Release|Any CPU.ActiveCfg = Release|Any CPU
		{9DC759C6-BD9E-413A-8278-6BD50BA3072E}.Release|Any CPU.Build.0 = Release|Any CPU
		{9DC759C6-BD9E-413A-8278-6BD50BA3072E}.Release|x64.ActiveCfg = Release|Any CPU
		{9DC759C6-BD9E-413A-8278-6BD50BA3072E}.Release|x64.Build.0 = Release|Any CPU
		{9DC759C6-BD9E-413A-8278-6BD50BA3072E}.Release|x86.ActiveCfg = Release|Any CPU
		{9DC759C6-BD9E-413A-8278-6BD50BA3072E}.Release|x86.Build.0 = Release|Any CPU
		{AE2E9EB9-1DF0-43EB-A79E-F1AA38B96053}.Debug|Any CPU.ActiveCfg = Debug|Any CPU
		{AE2E9EB9-1DF0-43EB-A79E-F1AA38B96053}.Debug|Any CPU.Build.0 = Debug|Any CPU
		{AE2E9EB9-1DF0-43EB-A79E-F1AA38B96053}.Debug|x64.ActiveCfg = Debug|Any CPU
		{AE2E9EB9-1DF0-43EB-A79E-F1AA38B96053}.Debug|x64.Build.0 = Debug|Any CPU
		{AE2E9EB9-1DF0-43EB-A79E-F1AA38B96053}.Debug|x86.ActiveCfg = Debug|Any CPU
		{AE2E9EB9-1DF0-43EB-A79E-F1AA38B96053}.Debug|x86.Build.0 = Debug|Any CPU
		{AE2E9EB9-1DF0-43EB-A79E-F1AA38B96053}.Release|Any CPU.ActiveCfg = Release|Any CPU
		{AE2E9EB9-1DF0-43EB-A79E-F1AA38B96053}.Release|Any CPU.Build.0 = Release|Any CPU
		{AE2E9EB9-1DF0-43EB-A79E-F1AA38B96053}.Release|x64.ActiveCfg = Release|Any CPU
		{AE2E9EB9-1DF0-43EB-A79E-F1AA38B96053}.Release|x64.Build.0 = Release|Any CPU
		{AE2E9EB9-1DF0-43EB-A79E-F1AA38B96053}.Release|x86.ActiveCfg = Release|Any CPU
		{AE2E9EB9-1DF0-43EB-A79E-F1AA38B96053}.Release|x86.Build.0 = Release|Any CPU
		{953354B5-F69F-4F51-81BC-5316928A411E}.Debug|Any CPU.ActiveCfg = Debug|Any CPU
		{953354B5-F69F-4F51-81BC-5316928A411E}.Debug|Any CPU.Build.0 = Debug|Any CPU
		{953354B5-F69F-4F51-81BC-5316928A411E}.Debug|x64.ActiveCfg = Debug|Any CPU
		{953354B5-F69F-4F51-81BC-5316928A411E}.Debug|x64.Build.0 = Debug|Any CPU
		{953354B5-F69F-4F51-81BC-5316928A411E}.Debug|x86.ActiveCfg = Debug|Any CPU
		{953354B5-F69F-4F51-81BC-5316928A411E}.Debug|x86.Build.0 = Debug|Any CPU
		{953354B5-F69F-4F51-81BC-5316928A411E}.Release|Any CPU.ActiveCfg = Release|Any CPU
		{953354B5-F69F-4F51-81BC-5316928A411E}.Release|Any CPU.Build.0 = Release|Any CPU
		{953354B5-F69F-4F51-81BC-5316928A411E}.Release|x64.ActiveCfg = Release|Any CPU
		{953354B5-F69F-4F51-81BC-5316928A411E}.Release|x64.Build.0 = Release|Any CPU
		{953354B5-F69F-4F51-81BC-5316928A411E}.Release|x86.ActiveCfg = Release|Any CPU
		{953354B5-F69F-4F51-81BC-5316928A411E}.Release|x86.Build.0 = Release|Any CPU
	EndGlobalSection
	GlobalSection(SolutionProperties) = preSolution
		HideSolutionNode = FALSE
	EndGlobalSection
EndGlobal
